dependencies:
  idf:
    source:
      type: idf
    version: 5.5.1
  lvgl/lvgl:
    component_hash: 17e68bfd21f0edf4c3ee838e2273da840bf3930e5dbc3bfa6c1190c3aed41f9f
    dependencies: []
    source:
      registry_url: https://components.espressif.com/
      type: service
    version: 9.4.0
direct_dependencies:
- idf
- lvgl/lvgl
manifest_hash: 9c3294211aed2766b20ecd92f6dca20ff9fcdacb64298f99ef385b909c7f0c36
target: esp32s3
version: 2.0.0
